
Microsoft Visual Studio Solution File, Format Version 12.00
# Visual Studio Version 16
VisualStudioVersion = 16.0.30114.105
MinimumVisualStudioVersion = 10.0.40219.1
Project("{FAE04EC0-301F-11D3-BF4B-00C04F79EFBC}") = "DataLayerPetaPoco", "DataLayerPetaPoco\DataLayerPetaPoco.csproj", "{8BBC8F0D-1CB6-4931-A459-2A9506613ABA}"
EndProject
Project("{FAE04EC0-301F-11D3-BF4B-00C04F79EFBC}") = "BusinessLite", "BusinessLite\BusinessLite.csproj", "{09041048-F414-4927-9332-8E77C48DC7EA}"
EndProject
Project("{FAE04EC0-301F-11D3-BF4B-00C04F79EFBC}") = "Utilities", "Utilities\Utilities.csproj", "{62C9F313-9652-4E4A-9E1F-373A4793AAE5}"
EndProject
Project("{FAE04EC0-301F-11D3-BF4B-00C04F79EFBC}") = "Logger", "Logger\Logger.csproj", "{0B7E7FB9-35EA-43C0-9242-90DABA1FB35A}"
EndProject
Project("{FAE04EC0-301F-11D3-BF4B-00C04F79EFBC}") = "MyException", "MyException\MyException.csproj", "{96DA8EA3-7570-40E8-9D78-99A510D50815}"
EndProject
Project("{FAE04EC0-301F-11D3-BF4B-00C04F79EFBC}") = "Test", "Test\Test.csproj", "{F08ED332-9B5A-4933-877E-7316ED3392AE}"
EndProject
Project("{FAE04EC0-301F-11D3-BF4B-00C04F79EFBC}") = "WebAPI", "WebAPI\WebAPI.csproj", "{E2B35154-67A3-4A8B-BB7E-6B14BCD40372}"
EndProject
Global
	GlobalSection(SolutionConfigurationPlatforms) = preSolution
		Debug|Any CPU = Debug|Any CPU
		Release|Any CPU = Release|Any CPU
	EndGlobalSection
	GlobalSection(ProjectConfigurationPlatforms) = postSolution
		{8BBC8F0D-1CB6-4931-A459-2A9506613ABA}.Debug|Any CPU.ActiveCfg = Debug|Any CPU
		{8BBC8F0D-1CB6-4931-A459-2A9506613ABA}.Debug|Any CPU.Build.0 = Debug|Any CPU
		{8BBC8F0D-1CB6-4931-A459-2A9506613ABA}.Release|Any CPU.ActiveCfg = Release|Any CPU
		{8BBC8F0D-1CB6-4931-A459-2A9506613ABA}.Release|Any CPU.Build.0 = Release|Any CPU
		{09041048-F414-4927-9332-8E77C48DC7EA}.Debug|Any CPU.ActiveCfg = Debug|Any CPU
		{09041048-F414-4927-9332-8E77C48DC7EA}.Debug|Any CPU.Build.0 = Debug|Any CPU
		{09041048-F414-4927-9332-8E77C48DC7EA}.Release|Any CPU.ActiveCfg = Release|Any CPU
		{09041048-F414-4927-9332-8E77C48DC7EA}.Release|Any CPU.Build.0 = Release|Any CPU
		{62C9F313-9652-4E4A-9E1F-373A4793AAE5}.Debug|Any CPU.ActiveCfg = Debug|Any CPU
		{62C9F313-9652-4E4A-9E1F-373A4793AAE5}.Debug|Any CPU.Build.0 = Debug|Any CPU
		{62C9F313-9652-4E4A-9E1F-373A4793AAE5}.Release|Any CPU.ActiveCfg = Release|Any CPU
		{62C9F313-9652-4E4A-9E1F-373A4793AAE5}.Release|Any CPU.Build.0 = Release|Any CPU
		{0B7E7FB9-35EA-43C0-9242-90DABA1FB35A}.Debug|Any CPU.ActiveCfg = Debug|Any CPU
		{0B7E7FB9-35EA-43C0-9242-90DABA1FB35A}.Debug|Any CPU.Build.0 = Debug|Any CPU
		{0B7E7FB9-35EA-43C0-9242-90DABA1FB35A}.Release|Any CPU.ActiveCfg = Release|Any CPU
		{0B7E7FB9-35EA-43C0-9242-90DABA1FB35A}.Release|Any CPU.Build.0 = Release|Any CPU
		{96DA8EA3-7570-40E8-9D78-99A510D50815}.Debug|Any CPU.ActiveCfg = Debug|Any CPU
		{96DA8EA3-7570-40E8-9D78-99A510D50815}.Debug|Any CPU.Build.0 = Debug|Any CPU
		{96DA8EA3-7570-40E8-9D78-99A510D50815}.Release|Any CPU.ActiveCfg = Release|Any CPU
		{96DA8EA3-7570-40E8-9D78-99A510D50815}.Release|Any CPU.Build.0 = Release|Any CPU
		{F08ED332-9B5A-4933-877E-7316ED3392AE}.Debug|Any CPU.ActiveCfg = Debug|Any CPU
		{F08ED332-9B5A-4933-877E-7316ED3392AE}.Debug|Any CPU.Build.0 = Debug|Any CPU
		{F08ED332-9B5A-4933-877E-7316ED3392AE}.Release|Any CPU.ActiveCfg = Release|Any CPU
		{F08ED332-9B5A-4933-877E-7316ED3392AE}.Release|Any CPU.Build.0 = Release|Any CPU
		{E2B35154-67A3-4A8B-BB7E-6B14BCD40372}.Debug|Any CPU.ActiveCfg = Debug|Any CPU
		{E2B35154-67A3-4A8B-BB7E-6B14BCD40372}.Debug|Any CPU.Build.0 = Debug|Any CPU
		{E2B35154-67A3-4A8B-BB7E-6B14BCD40372}.Release|Any CPU.ActiveCfg = Release|Any CPU
		{E2B35154-67A3-4A8B-BB7E-6B14BCD40372}.Release|Any CPU.Build.0 = Release|Any CPU
	EndGlobalSection
	GlobalSection(SolutionProperties) = preSolution
		HideSolutionNode = FALSE
	EndGlobalSection
	GlobalSection(ExtensibilityGlobals) = postSolution
		SolutionGuid = {9957099D-5745-4186-928C-4902FA106EA1}
	EndGlobalSection
EndGlobal
